
Microsoft Visual Studio Solution File, Format Version 12.00
Project("{2150E333-8FDC-42A3-9474-1A3956D46DE8}") = "Source", "Source", "{AB494773-C473-4573-9627-8623FE5B0E1A}"
EndProject
Project("{FAE04EC0-301F-11D3-BF4B-00C04F79EFBC}") = "ListLabelPrinter.Api", "Source\Service\ListLabelPrinter.Api\ListLabelPrinter.Api.csproj", "{79CBDCBF-5078-4B6E-8014-01B3384849E9}"
EndProject
Project("{FAE04EC0-301F-11D3-BF4B-00C04F79EFBC}") = "ListLabelPrinter.Api.Infrastructure", "Source\Service\ListLabelPrinter.Api.Infrastructure\ListLabelPrinter.Api.Infrastructure.csproj", "{D364C605-ACFD-4845-9467-488618AB2797}"
EndProject
Project("{FAE04EC0-301F-11D3-BF4B-00C04F79EFBC}") = "ListLabelPrinter.Api.Features", "Source\Service\ListLabelPrinter.Api.Features\ListLabelPrinter.Api.Features.csproj", "{18289D65-7A6C-4A95-9B39-2963A0DF761B}"
EndProject
Project("{2150E333-8FDC-42A3-9474-1A3956D46DE8}") = "Postman", "Postman", "{9F8DCB93-42AB-4D53-9C84-0F38BA953CAA}"
	ProjectSection(SolutionItems) = preProject
		Postman\ListLabelPrinter.Api.json = Postman\ListLabelPrinter.Api.json
	EndProjectSection
EndProject
Project("{2150E333-8FDC-42A3-9474-1A3956D46DE8}") = "Tests", "Tests", "{3E5399F4-E93C-47BE-B4C2-6FD2A49DDACB}"
EndProject
Project("{FAE04EC0-301F-11D3-BF4B-00C04F79EFBC}") = "ListLabelPrinter.Api.IntegrationTests", "Tests\ListLabelPrinter.Api.IntegrationTests\ListLabelPrinter.Api.IntegrationTests.csproj", "{FB8654C5-CB45-4DB6-8251-9E65E8830D4C}"
EndProject
Project("{2150E333-8FDC-42A3-9474-1A3956D46DE8}") = "Lib", "Lib", "{1BCDF7A4-2450-449D-9EE2-08225DF56754}"
EndProject
Project("{FAE04EC0-301F-11D3-BF4B-00C04F79EFBC}") = "ListLabelPrint.HttpClient", "Lib\ListLabelPrint.HttpClient\ListLabelPrint.HttpClient.csproj", "{8864A56F-1F3B-43BF-B687-76FA1DE1391B}"
EndProject
Project("{2150E333-8FDC-42A3-9474-1A3956D46DE8}") = "Service", "Service", "{0AE0220D-F13A-4654-B385-3DEA37C8F8A1}"
EndProject
Project("{2150E333-8FDC-42A3-9474-1A3956D46DE8}") = "Designer", "Designer", "{E6761C30-385B-4D0D-820F-A131CD090BB5}"
EndProject
Project("{FAE04EC0-301F-11D3-BF4B-00C04F79EFBC}") = "ListLabelDesigner.App", "Source\Client\ListLabelDesigner.App\ListLabelDesigner.App.csproj", "{6349E390-6D1E-471C-9AF0-0F808575E834}"
EndProject
Project("{FAE04EC0-301F-11D3-BF4B-00C04F79EFBC}") = "ListLabelPrinter.Api.Data", "Source\Service\ListLabelPrinter.Api.Data\ListLabelPrinter.Api.Data.csproj", "{ED041EC1-A50D-46F9-85E4-6EDDE9A365B6}"
EndProject
Global
	GlobalSection(SolutionConfigurationPlatforms) = preSolution
		Debug|Any CPU = Debug|Any CPU
		Release|Any CPU = Release|Any CPU
	EndGlobalSection
	GlobalSection(NestedProjects) = preSolution
		{FB8654C5-CB45-4DB6-8251-9E65E8830D4C} = {3E5399F4-E93C-47BE-B4C2-6FD2A49DDACB}
		{8864A56F-1F3B-43BF-B687-76FA1DE1391B} = {1BCDF7A4-2450-449D-9EE2-08225DF56754}
		{0AE0220D-F13A-4654-B385-3DEA37C8F8A1} = {AB494773-C473-4573-9627-8623FE5B0E1A}
		{79CBDCBF-5078-4B6E-8014-01B3384849E9} = {0AE0220D-F13A-4654-B385-3DEA37C8F8A1}
		{18289D65-7A6C-4A95-9B39-2963A0DF761B} = {0AE0220D-F13A-4654-B385-3DEA37C8F8A1}
		{D364C605-ACFD-4845-9467-488618AB2797} = {0AE0220D-F13A-4654-B385-3DEA37C8F8A1}
		{E6761C30-385B-4D0D-820F-A131CD090BB5} = {AB494773-C473-4573-9627-8623FE5B0E1A}
		{6349E390-6D1E-471C-9AF0-0F808575E834} = {E6761C30-385B-4D0D-820F-A131CD090BB5}
		{ED041EC1-A50D-46F9-85E4-6EDDE9A365B6} = {0AE0220D-F13A-4654-B385-3DEA37C8F8A1}
	EndGlobalSection
	GlobalSection(ProjectConfigurationPlatforms) = postSolution
		{79CBDCBF-5078-4B6E-8014-01B3384849E9}.Debug|Any CPU.ActiveCfg = Debug|Any CPU
		{79CBDCBF-5078-4B6E-8014-01B3384849E9}.Debug|Any CPU.Build.0 = Debug|Any CPU
		{79CBDCBF-5078-4B6E-8014-01B3384849E9}.Release|Any CPU.ActiveCfg = Release|Any CPU
		{79CBDCBF-5078-4B6E-8014-01B3384849E9}.Release|Any CPU.Build.0 = Release|Any CPU
		{D364C605-ACFD-4845-9467-488618AB2797}.Debug|Any CPU.ActiveCfg = Debug|Any CPU
		{D364C605-ACFD-4845-9467-488618AB2797}.Debug|Any CPU.Build.0 = Debug|Any CPU
		{D364C605-ACFD-4845-9467-488618AB2797}.Release|Any CPU.ActiveCfg = Release|Any CPU
		{D364C605-ACFD-4845-9467-488618AB2797}.Release|Any CPU.Build.0 = Release|Any CPU
		{18289D65-7A6C-4A95-9B39-2963A0DF761B}.Debug|Any CPU.ActiveCfg = Debug|Any CPU
		{18289D65-7A6C-4A95-9B39-2963A0DF761B}.Debug|Any CPU.Build.0 = Debug|Any CPU
		{18289D65-7A6C-4A95-9B39-2963A0DF761B}.Release|Any CPU.ActiveCfg = Release|Any CPU
		{18289D65-7A6C-4A95-9B39-2963A0DF761B}.Release|Any CPU.Build.0 = Release|Any CPU
		{FB8654C5-CB45-4DB6-8251-9E65E8830D4C}.Debug|Any CPU.ActiveCfg = Debug|Any CPU
		{FB8654C5-CB45-4DB6-8251-9E65E8830D4C}.Debug|Any CPU.Build.0 = Debug|Any CPU
		{FB8654C5-CB45-4DB6-8251-9E65E8830D4C}.Release|Any CPU.ActiveCfg = Release|Any CPU
		{FB8654C5-CB45-4DB6-8251-9E65E8830D4C}.Release|Any CPU.Build.0 = Release|Any CPU
		{8864A56F-1F3B-43BF-B687-76FA1DE1391B}.Debug|Any CPU.ActiveCfg = Debug|Any CPU
		{8864A56F-1F3B-43BF-B687-76FA1DE1391B}.Debug|Any CPU.Build.0 = Debug|Any CPU
		{8864A56F-1F3B-43BF-B687-76FA1DE1391B}.Release|Any CPU.ActiveCfg = Release|Any CPU
		{8864A56F-1F3B-43BF-B687-76FA1DE1391B}.Release|Any CPU.Build.0 = Release|Any CPU
		{6349E390-6D1E-471C-9AF0-0F808575E834}.Debug|Any CPU.ActiveCfg = Debug|Any CPU
		{6349E390-6D1E-471C-9AF0-0F808575E834}.Debug|Any CPU.Build.0 = Debug|Any CPU
		{6349E390-6D1E-471C-9AF0-0F808575E834}.Release|Any CPU.ActiveCfg = Release|Any CPU
		{6349E390-6D1E-471C-9AF0-0F808575E834}.Release|Any CPU.Build.0 = Release|Any CPU
		{ED041EC1-A50D-46F9-85E4-6EDDE9A365B6}.Debug|Any CPU.ActiveCfg = Debug|Any CPU
		{ED041EC1-A50D-46F9-85E4-6EDDE9A365B6}.Debug|Any CPU.Build.0 = Debug|Any CPU
		{ED041EC1-A50D-46F9-85E4-6EDDE9A365B6}.Release|Any CPU.ActiveCfg = Release|Any CPU
		{ED041EC1-A50D-46F9-85E4-6EDDE9A365B6}.Release|Any CPU.Build.0 = Release|Any CPU
	EndGlobalSection
EndGlobal
